
Microsoft Visual Studio Solution File, Format Version 12.00
# Visual Studio Version 17
VisualStudioVersion = 17.11.35312.102
MinimumVisualStudioVersion = 10.0.40219.1
Project("{2150E333-8FDC-42A3-9474-1A3956D46DE8}") = "src", "src", "{D8DF5CA0-9B75-4451-BF32-6819BF27FC0D}"
EndProject
Project("{2150E333-8FDC-42A3-9474-1A3956D46DE8}") = "Services", "Services", "{BAC02A8A-92A8-413E-9293-F68FA0A2B310}"
EndProject
Project("{2150E333-8FDC-42A3-9474-1A3956D46DE8}") = "Auth", "Auth", "{75956A49-8788-419A-8791-3B9F0E3FCCD3}"
EndProject
Project("{2150E333-8FDC-42A3-9474-1A3956D46DE8}") = "Core", "Core", "{43F3206A-98C4-4D96-A688-A6D257086678}"
EndProject
Project("{2150E333-8FDC-42A3-9474-1A3956D46DE8}") = "Infrastructure", "Infrastructure", "{1262DD88-E017-4AE3-9E99-572AAAD65E9B}"
EndProject
Project("{2150E333-8FDC-42A3-9474-1A3956D46DE8}") = "Presentation", "Presentation", "{3D810B4A-BDD7-4AF2-9FBC-67A25C353A12}"
EndProject
Project("{2150E333-8FDC-42A3-9474-1A3956D46DE8}") = "Book", "Book", "{3BE328F4-2F76-443E-882F-1B331AC29D88}"
EndProject
Project("{2150E333-8FDC-42A3-9474-1A3956D46DE8}") = "Core", "Core", "{F7BCEA6C-3A8D-4909-BCCB-314814B541D5}"
EndProject
Project("{2150E333-8FDC-42A3-9474-1A3956D46DE8}") = "Infrastructure", "Infrastructure", "{D65AF568-6FF6-4332-BC29-F1EAEDCFAE23}"
EndProject
Project("{2150E333-8FDC-42A3-9474-1A3956D46DE8}") = "Presentation", "Presentation", "{24E52DE9-E46F-4832-A9EE-D86E8FBF56CF}"
EndProject
Project("{2150E333-8FDC-42A3-9474-1A3956D46DE8}") = "Order", "Order", "{85150CD1-2494-497C-8AD4-92717E9EC8AB}"
EndProject
Project("{2150E333-8FDC-42A3-9474-1A3956D46DE8}") = "Core", "Core", "{BC37F7FF-F762-47D1-9C30-9524B9AF437D}"
EndProject
Project("{2150E333-8FDC-42A3-9474-1A3956D46DE8}") = "Infrastructure", "Infrastructure", "{38BB0CE4-E7C3-4CB1-B7FE-F3E9BD0C45FF}"
EndProject
Project("{2150E333-8FDC-42A3-9474-1A3956D46DE8}") = "Presentation", "Presentation", "{019462E6-BC36-4267-BB17-DD7D817FAA43}"
EndProject
Project("{2150E333-8FDC-42A3-9474-1A3956D46DE8}") = "User", "User", "{7748FD64-4A0D-4283-ACD9-46CB8C8A9486}"
EndProject
Project("{2150E333-8FDC-42A3-9474-1A3956D46DE8}") = "Core", "Core", "{A878FE63-500F-41CC-B456-A7DBD845B487}"
EndProject
Project("{2150E333-8FDC-42A3-9474-1A3956D46DE8}") = "Infrastructure", "Infrastructure", "{888184BC-14DD-49C3-A27E-28EB7CB2B4F3}"
EndProject
Project("{2150E333-8FDC-42A3-9474-1A3956D46DE8}") = "Presentation", "Presentation", "{0105CB96-85BB-4D81-B5C6-3C9F574ED6FD}"
EndProject
Project("{2150E333-8FDC-42A3-9474-1A3956D46DE8}") = "Shared", "Shared", "{CC5A8F66-2EB8-4A3A-B520-6F07D689FB78}"
EndProject
Project("{9A19103F-16F7-4668-BE54-9A1E7A4F7556}") = "Auth.Domain", "src\Services\Auth\Core\Auth.Domain\Auth.Domain.csproj", "{DFA39656-2B2C-4B2B-A328-E6ADD542EA36}"
EndProject
Project("{9A19103F-16F7-4668-BE54-9A1E7A4F7556}") = "Auth.Application", "src\Services\Auth\Core\Auth.Application\Auth.Application.csproj", "{A9135E39-9EAC-4768-86F7-1BC5170CE145}"
EndProject
Project("{9A19103F-16F7-4668-BE54-9A1E7A4F7556}") = "Auth.Infrastructure", "src\Services\Auth\Infrastructure\Auth.Infrastructure\Auth.Infrastructure.csproj", "{F80AC10A-57EF-4CE0-911F-4B5BEEA9D25A}"
EndProject
Project("{9A19103F-16F7-4668-BE54-9A1E7A4F7556}") = "Book.Domain", "src\Services\Book\Core\Book.Domain\Book.Domain.csproj", "{6E8D1AF2-E541-4599-A4AC-94F891E2DBAE}"
EndProject
Project("{9A19103F-16F7-4668-BE54-9A1E7A4F7556}") = "Book.Application", "src\Services\Book\Core\Book.Application\Book.Application.csproj", "{1AE16837-3784-4243-9594-7368C6C463A8}"
EndProject
Project("{9A19103F-16F7-4668-BE54-9A1E7A4F7556}") = "Book.Infrastructure", "src\Services\Book\Infrastructure\Book.Infrastructure\Book.Infrastructure.csproj", "{DCB545C7-2C8F-46BD-8811-51A983E733B3}"
EndProject
Project("{9A19103F-16F7-4668-BE54-9A1E7A4F7556}") = "Book.API", "src\Services\Book\Presentation\Book.API\Book.API.csproj", "{1D2CD1B4-C0A7-49DC-912F-30001ECE6F8F}"
EndProject
Project("{9A19103F-16F7-4668-BE54-9A1E7A4F7556}") = "Auth.API", "src\Services\Auth\Presentation\Auth.API\Auth.API.csproj", "{33E876A5-E05A-4A96-8E3F-C871BA56F6BA}"
EndProject
Project("{9A19103F-16F7-4668-BE54-9A1E7A4F7556}") = "Order.Domain", "src\Services\Order\Core\Order.Domain\Order.Domain.csproj", "{3BF1BCB3-53B3-43B9-BE11-47D88341B3D0}"
EndProject
Project("{9A19103F-16F7-4668-BE54-9A1E7A4F7556}") = "Order.Application", "src\Services\Order\Core\Order.Application\Order.Application.csproj", "{19AF745D-F6F6-4CF4-9543-508DF484AD9F}"
EndProject
Project("{9A19103F-16F7-4668-BE54-9A1E7A4F7556}") = "Order.Infrastructure", "src\Services\Order\Infrastructure\Order.Infrastructure\Order.Infrastructure.csproj", "{4DE66311-C76F-4749-9361-F547F03105AE}"
EndProject
Project("{9A19103F-16F7-4668-BE54-9A1E7A4F7556}") = "Order.API", "src\Services\Order\Presentation\Order.API\Order.API.csproj", "{3511155F-0388-41E1-B702-786F3266A78C}"
EndProject
Project("{9A19103F-16F7-4668-BE54-9A1E7A4F7556}") = "User.Domain", "src\Services\User\Core\User.Domain\User.Domain.csproj", "{4E995983-D688-4C52-B005-8F92EAA690C6}"
EndProject
Project("{9A19103F-16F7-4668-BE54-9A1E7A4F7556}") = "User.Application", "src\Services\User\Core\User.Application\User.Application.csproj", "{27B4930D-05CC-41B7-9242-EA8DB53D1E00}"
EndProject
Project("{9A19103F-16F7-4668-BE54-9A1E7A4F7556}") = "User.Infrastructure", "src\Services\User\Infrastructure\User.Infrastructure\User.Infrastructure.csproj", "{96CFE7CA-839E-4EED-A1B1-90D69AB1EA9C}"
EndProject
Project("{9A19103F-16F7-4668-BE54-9A1E7A4F7556}") = "User.API", "src\Services\User\Presentation\User.API\User.API.csproj", "{8CDE498A-F22B-42E3-9D1F-37AF9BF83C9D}"
EndProject
Global
	GlobalSection(SolutionConfigurationPlatforms) = preSolution
		Debug|Any CPU = Debug|Any CPU
		Release|Any CPU = Release|Any CPU
	EndGlobalSection
	GlobalSection(ProjectConfigurationPlatforms) = postSolution
		{DFA39656-2B2C-4B2B-A328-E6ADD542EA36}.Debug|Any CPU.ActiveCfg = Debug|Any CPU
		{DFA39656-2B2C-4B2B-A328-E6ADD542EA36}.Debug|Any CPU.Build.0 = Debug|Any CPU
		{DFA39656-2B2C-4B2B-A328-E6ADD542EA36}.Release|Any CPU.ActiveCfg = Release|Any CPU
		{DFA39656-2B2C-4B2B-A328-E6ADD542EA36}.Release|Any CPU.Build.0 = Release|Any CPU
		{A9135E39-9EAC-4768-86F7-1BC5170CE145}.Debug|Any CPU.ActiveCfg = Debug|Any CPU
		{A9135E39-9EAC-4768-86F7-1BC5170CE145}.Debug|Any CPU.Build.0 = Debug|Any CPU
		{A9135E39-9EAC-4768-86F7-1BC5170CE145}.Release|Any CPU.ActiveCfg = Release|Any CPU
		{A9135E39-9EAC-4768-86F7-1BC5170CE145}.Release|Any CPU.Build.0 = Release|Any CPU
		{F80AC10A-57EF-4CE0-911F-4B5BEEA9D25A}.Debug|Any CPU.ActiveCfg = Debug|Any CPU
		{F80AC10A-57EF-4CE0-911F-4B5BEEA9D25A}.Debug|Any CPU.Build.0 = Debug|Any CPU
		{F80AC10A-57EF-4CE0-911F-4B5BEEA9D25A}.Release|Any CPU.ActiveCfg = Release|Any CPU
		{F80AC10A-57EF-4CE0-911F-4B5BEEA9D25A}.Release|Any CPU.Build.0 = Release|Any CPU
		{6E8D1AF2-E541-4599-A4AC-94F891E2DBAE}.Debug|Any CPU.ActiveCfg = Debug|Any CPU
		{6E8D1AF2-E541-4599-A4AC-94F891E2DBAE}.Debug|Any CPU.Build.0 = Debug|Any CPU
		{6E8D1AF2-E541-4599-A4AC-94F891E2DBAE}.Release|Any CPU.ActiveCfg = Release|Any CPU
		{6E8D1AF2-E541-4599-A4AC-94F891E2DBAE}.Release|Any CPU.Build.0 = Release|Any CPU
		{1AE16837-3784-4243-9594-7368C6C463A8}.Debug|Any CPU.ActiveCfg = Debug|Any CPU
		{1AE16837-3784-4243-9594-7368C6C463A8}.Debug|Any CPU.Build.0 = Debug|Any CPU
		{1AE16837-3784-4243-9594-7368C6C463A8}.Release|Any CPU.ActiveCfg = Release|Any CPU
		{1AE16837-3784-4243-9594-7368C6C463A8}.Release|Any CPU.Build.0 = Release|Any CPU
		{DCB545C7-2C8F-46BD-8811-51A983E733B3}.Debug|Any CPU.ActiveCfg = Debug|Any CPU
		{DCB545C7-2C8F-46BD-8811-51A983E733B3}.Debug|Any CPU.Build.0 = Debug|Any CPU
		{DCB545C7-2C8F-46BD-8811-51A983E733B3}.Release|Any CPU.ActiveCfg = Release|Any CPU
		{DCB545C7-2C8F-46BD-8811-51A983E733B3}.Release|Any CPU.Build.0 = Release|Any CPU
		{1D2CD1B4-C0A7-49DC-912F-30001ECE6F8F}.Debug|Any CPU.ActiveCfg = Debug|Any CPU
		{1D2CD1B4-C0A7-49DC-912F-30001ECE6F8F}.Debug|Any CPU.Build.0 = Debug|Any CPU
		{1D2CD1B4-C0A7-49DC-912F-30001ECE6F8F}.Release|Any CPU.ActiveCfg = Release|Any CPU
		{1D2CD1B4-C0A7-49DC-912F-30001ECE6F8F}.Release|Any CPU.Build.0 = Release|Any CPU
		{33E876A5-E05A-4A96-8E3F-C871BA56F6BA}.Debug|Any CPU.ActiveCfg = Debug|Any CPU
		{33E876A5-E05A-4A96-8E3F-C871BA56F6BA}.Debug|Any CPU.Build.0 = Debug|Any CPU
		{33E876A5-E05A-4A96-8E3F-C871BA56F6BA}.Release|Any CPU.ActiveCfg = Release|Any CPU
		{33E876A5-E05A-4A96-8E3F-C871BA56F6BA}.Release|Any CPU.Build.0 = Release|Any CPU
		{3BF1BCB3-53B3-43B9-BE11-47D88341B3D0}.Debug|Any CPU.ActiveCfg = Debug|Any CPU
		{3BF1BCB3-53B3-43B9-BE11-47D88341B3D0}.Debug|Any CPU.Build.0 = Debug|Any CPU
		{3BF1BCB3-53B3-43B9-BE11-47D88341B3D0}.Release|Any CPU.ActiveCfg = Release|Any CPU
		{3BF1BCB3-53B3-43B9-BE11-47D88341B3D0}.Release|Any CPU.Build.0 = Release|Any CPU
		{19AF745D-F6F6-4CF4-9543-508DF484AD9F}.Debug|Any CPU.ActiveCfg = Debug|Any CPU
		{19AF745D-F6F6-4CF4-9543-508DF484AD9F}.Debug|Any CPU.Build.0 = Debug|Any CPU
		{19AF745D-F6F6-4CF4-9543-508DF484AD9F}.Release|Any CPU.ActiveCfg = Release|Any CPU
		{19AF745D-F6F6-4CF4-9543-508DF484AD9F}.Release|Any CPU.Build.0 = Release|Any CPU
		{4DE66311-C76F-4749-9361-F547F03105AE}.Debug|Any CPU.ActiveCfg = Debug|Any CPU
		{4DE66311-C76F-4749-9361-F547F03105AE}.Debug|Any CPU.Build.0 = Debug|Any CPU
		{4DE66311-C76F-4749-9361-F547F03105AE}.Release|Any CPU.ActiveCfg = Release|Any CPU
		{4DE66311-C76F-4749-9361-F547F03105AE}.Release|Any CPU.Build.0 = Release|Any CPU
		{3511155F-0388-41E1-B702-786F3266A78C}.Debug|Any CPU.ActiveCfg = Debug|Any CPU
		{3511155F-0388-41E1-B702-786F3266A78C}.Debug|Any CPU.Build.0 = Debug|Any CPU
		{3511155F-0388-41E1-B702-786F3266A78C}.Release|Any CPU.ActiveCfg = Release|Any CPU
		{3511155F-0388-41E1-B702-786F3266A78C}.Release|Any CPU.Build.0 = Release|Any CPU
		{4E995983-D688-4C52-B005-8F92EAA690C6}.Debug|Any CPU.ActiveCfg = Debug|Any CPU
		{4E995983-D688-4C52-B005-8F92EAA690C6}.Debug|Any CPU.Build.0 = Debug|Any CPU
		{4E995983-D688-4C52-B005-8F92EAA690C6}.Release|Any CPU.ActiveCfg = Release|Any CPU
		{4E995983-D688-4C52-B005-8F92EAA690C6}.Release|Any CPU.Build.0 = Release|Any CPU
		{27B4930D-05CC-41B7-9242-EA8DB53D1E00}.Debug|Any CPU.ActiveCfg = Debug|Any CPU
		{27B4930D-05CC-41B7-9242-EA8DB53D1E00}.Debug|Any CPU.Build.0 = Debug|Any CPU
		{27B4930D-05CC-41B7-9242-EA8DB53D1E00}.Release|Any CPU.ActiveCfg = Release|Any CPU
		{27B4930D-05CC-41B7-9242-EA8DB53D1E00}.Release|Any CPU.Build.0 = Release|Any CPU
		{96CFE7CA-839E-4EED-A1B1-90D69AB1EA9C}.Debug|Any CPU.ActiveCfg = Debug|Any CPU
		{96CFE7CA-839E-4EED-A1B1-90D69AB1EA9C}.Debug|Any CPU.Build.0 = Debug|Any CPU
		{96CFE7CA-839E-4EED-A1B1-90D69AB1EA9C}.Release|Any CPU.ActiveCfg = Release|Any CPU
		{96CFE7CA-839E-4EED-A1B1-90D69AB1EA9C}.Release|Any CPU.Build.0 = Release|Any CPU
		{8CDE498A-F22B-42E3-9D1F-37AF9BF83C9D}.Debug|Any CPU.ActiveCfg = Debug|Any CPU
		{8CDE498A-F22B-42E3-9D1F-37AF9BF83C9D}.Debug|Any CPU.Build.0 = Debug|Any CPU
		{8CDE498A-F22B-42E3-9D1F-37AF9BF83C9D}.Release|Any CPU.ActiveCfg = Release|Any CPU
		{8CDE498A-F22B-42E3-9D1F-37AF9BF83C9D}.Release|Any CPU.Build.0 = Release|Any CPU
	EndGlobalSection
	GlobalSection(SolutionProperties) = preSolution
		HideSolutionNode = FALSE
	EndGlobalSection
	GlobalSection(NestedProjects) = preSolution
		{BAC02A8A-92A8-413E-9293-F68FA0A2B310} = {D8DF5CA0-9B75-4451-BF32-6819BF27FC0D}
		{75956A49-8788-419A-8791-3B9F0E3FCCD3} = {BAC02A8A-92A8-413E-9293-F68FA0A2B310}
		{43F3206A-98C4-4D96-A688-A6D257086678} = {75956A49-8788-419A-8791-3B9F0E3FCCD3}
		{1262DD88-E017-4AE3-9E99-572AAAD65E9B} = {75956A49-8788-419A-8791-3B9F0E3FCCD3}
		{3D810B4A-BDD7-4AF2-9FBC-67A25C353A12} = {75956A49-8788-419A-8791-3B9F0E3FCCD3}
		{3BE328F4-2F76-443E-882F-1B331AC29D88} = {BAC02A8A-92A8-413E-9293-F68FA0A2B310}
		{F7BCEA6C-3A8D-4909-BCCB-314814B541D5} = {3BE328F4-2F76-443E-882F-1B331AC29D88}
		{D65AF568-6FF6-4332-BC29-F1EAEDCFAE23} = {3BE328F4-2F76-443E-882F-1B331AC29D88}
		{24E52DE9-E46F-4832-A9EE-D86E8FBF56CF} = {3BE328F4-2F76-443E-882F-1B331AC29D88}
		{85150CD1-2494-497C-8AD4-92717E9EC8AB} = {BAC02A8A-92A8-413E-9293-F68FA0A2B310}
		{BC37F7FF-F762-47D1-9C30-9524B9AF437D} = {85150CD1-2494-497C-8AD4-92717E9EC8AB}
		{38BB0CE4-E7C3-4CB1-B7FE-F3E9BD0C45FF} = {85150CD1-2494-497C-8AD4-92717E9EC8AB}
		{019462E6-BC36-4267-BB17-DD7D817FAA43} = {85150CD1-2494-497C-8AD4-92717E9EC8AB}
		{7748FD64-4A0D-4283-ACD9-46CB8C8A9486} = {BAC02A8A-92A8-413E-9293-F68FA0A2B310}
		{A878FE63-500F-41CC-B456-A7DBD845B487} = {7748FD64-4A0D-4283-ACD9-46CB8C8A9486}
		{888184BC-14DD-49C3-A27E-28EB7CB2B4F3} = {7748FD64-4A0D-4283-ACD9-46CB8C8A9486}
		{0105CB96-85BB-4D81-B5C6-3C9F574ED6FD} = {7748FD64-4A0D-4283-ACD9-46CB8C8A9486}
		{CC5A8F66-2EB8-4A3A-B520-6F07D689FB78} = {D8DF5CA0-9B75-4451-BF32-6819BF27FC0D}
		{DFA39656-2B2C-4B2B-A328-E6ADD542EA36} = {43F3206A-98C4-4D96-A688-A6D257086678}
		{A9135E39-9EAC-4768-86F7-1BC5170CE145} = {43F3206A-98C4-4D96-A688-A6D257086678}
		{F80AC10A-57EF-4CE0-911F-4B5BEEA9D25A} = {1262DD88-E017-4AE3-9E99-572AAAD65E9B}
		{6E8D1AF2-E541-4599-A4AC-94F891E2DBAE} = {F7BCEA6C-3A8D-4909-BCCB-314814B541D5}
		{1AE16837-3784-4243-9594-7368C6C463A8} = {F7BCEA6C-3A8D-4909-BCCB-314814B541D5}
		{DCB545C7-2C8F-46BD-8811-51A983E733B3} = {D65AF568-6FF6-4332-BC29-F1EAEDCFAE23}
		{1D2CD1B4-C0A7-49DC-912F-30001ECE6F8F} = {24E52DE9-E46F-4832-A9EE-D86E8FBF56CF}
		{33E876A5-E05A-4A96-8E3F-C871BA56F6BA} = {3D810B4A-BDD7-4AF2-9FBC-67A25C353A12}
		{3BF1BCB3-53B3-43B9-BE11-47D88341B3D0} = {BC37F7FF-F762-47D1-9C30-9524B9AF437D}
		{19AF745D-F6F6-4CF4-9543-508DF484AD9F} = {BC37F7FF-F762-47D1-9C30-9524B9AF437D}
		{4DE66311-C76F-4749-9361-F547F03105AE} = {38BB0CE4-E7C3-4CB1-B7FE-F3E9BD0C45FF}
		{3511155F-0388-41E1-B702-786F3266A78C} = {019462E6-BC36-4267-BB17-DD7D817FAA43}
		{4E995983-D688-4C52-B005-8F92EAA690C6} = {A878FE63-500F-41CC-B456-A7DBD845B487}
		{27B4930D-05CC-41B7-9242-EA8DB53D1E00} = {A878FE63-500F-41CC-B456-A7DBD845B487}
		{96CFE7CA-839E-4EED-A1B1-90D69AB1EA9C} = {888184BC-14DD-49C3-A27E-28EB7CB2B4F3}
		{8CDE498A-F22B-42E3-9D1F-37AF9BF83C9D} = {0105CB96-85BB-4D81-B5C6-3C9F574ED6FD}
	EndGlobalSection
	GlobalSection(ExtensibilityGlobals) = postSolution
		SolutionGuid = {9E4476C0-5CDD-49AE-8F05-F0D77579A66F}
	EndGlobalSection
EndGlobal
